PODS:
  - AFNetworking (2.3.1):
    - AFNetworking/NSURLConnection
    - AFNetworking/NSURLSession
    - AFNetworking/Reachability
    - AFNetworking/Security
    - AFNetworking/Serialization
    - AFNetworking/UIKit
  - AFNetworking/NSURLConnection (2.3.1):
    - AFNetworking/Reachability
    - AFNetworking/Security
    - AFNetworking/Serialization
  - AFNetworking/NSURLSession (2.3.1):
    - AFNetworking/Reachability
    - AFNetworking/Security
    - AFNetworking/Serialization
  - AFNetworking/Reachability (2.3.1)
  - AFNetworking/Security (2.3.1)
  - AFNetworking/Serialization (2.3.1)
  - AFNetworking/UIKit (2.3.1):
    - AFNetworking/NSURLConnection
    - AFNetworking/NSURLSession
  - Bolts (1.1.0)
  - Facebook-iOS-SDK (3.16):
    - Bolts
  - Google-AdMob-Ads-SDK (6.8.0)
  - Google-Maps-iOS-SDK (1.8.1)
  - google-plus-ios-sdk (1.7.0)
  - GoogleAnalytics-iOS-SDK (3.0.7)
  - MBProgressHUD (0.8)

DEPENDENCIES:
  - AFNetworking
  - Facebook-iOS-SDK
  - Google-AdMob-Ads-SDK
  - Google-Maps-iOS-SDK
  - google-plus-ios-sdk
  - GoogleAnalytics-iOS-SDK
  - MBProgressHUD

SPEC CHECKSUMS:
  AFNetworking: 6d7b76aa5d04c8c37daad3eef4b7e3f2a7620da3
  Bolts: 91c2af8eae1d44e1dd75946a5b0ae04a43ea43e4
  Facebook-iOS-SDK: 82ad03cb9ce568855057e20a099054cf1e34ef12
  Google-AdMob-Ads-SDK: ec4a2941cc0aabaf06bf4a709216d3e94ad7b46b
  Google-Maps-iOS-SDK: 542561448224b92d790483674b7313b13764e624
  google-plus-ios-sdk: f613bd712196b435ecc098eed75afb3364bca177
  GoogleAnalytics-iOS-SDK: bb285d8eef15a682f1b82971becd0d22edd0e53b
  MBProgressHUD: c356980b0cd097f19acec959b49dca5eb8ec31be

COCOAPODS: 0.33.1
